
Microsoft Visual Studio Solution File, Format Version 12.00
# Visual Studio Version 17
VisualStudioVersion = 17.4.33110.190
MinimumVisualStudioVersion = 10.0.40219.1
Project("{FAE04EC0-301F-11D3-BF4B-00C04F79EFBC}") = "Mvc_Cv_Project", "Mvc_Cv_Project\Mvc_Cv_Project.csproj", "{FB09524D-9D6E-4AA9-9FBB-96ECD59AD15F}"
EndProject
Global
	GlobalSection(SolutionConfigurationPlatforms) = preSolution
		Debug|Any CPU = Debug|Any CPU
		Release|Any CPU = Release|Any CPU
	EndGlobalSection
	GlobalSection(ProjectConfigurationPlatforms) = postSolution
		{FB09524D-9D6E-4AA9-9FBB-96ECD59AD15F}.Debug|Any CPU.ActiveCfg = Debug|Any CPU
		{FB09524D-9D6E-4AA9-9FBB-96ECD59AD15F}.Debug|Any CPU.Build.0 = Debug|Any CPU
		{FB09524D-9D6E-4AA9-9FBB-96ECD59AD15F}.Release|Any CPU.ActiveCfg = Release|Any CPU
		{FB09524D-9D6E-4AA9-9FBB-96ECD59AD15F}.Release|Any CPU.Build.0 = Release|Any CPU
	EndGlobalSection
	GlobalSection(SolutionProperties) = preSolution
		HideSolutionNode = FALSE
	EndGlobalSection
	GlobalSection(ExtensibilityGlobals) = postSolution
		SolutionGuid = {8A62934A-43FD-40D9-A6DE-45177BAAAE53}
	EndGlobalSection
EndGlobal
